
Microsoft Visual Studio Solution File, Format Version 12.00
# Visual Studio Version 17
VisualStudioVersion = 17.1.32210.238
MinimumVisualStudioVersion = 10.0.40219.1
Project("{9A19103F-16F7-4668-BE54-9A1E7A4F7556}") = "record", "Student Mangement Application 0.1\record.csproj", "{9EB6B688-01B6-4FDC-959B-73A924A1BC00}"
EndProject
Global
	GlobalSection(SolutionConfigurationPlatforms) = preSolution
		Debug|Any CPU = Debug|Any CPU
		Release|Any CPU = Release|Any CPU
	EndGlobalSection
	GlobalSection(ProjectConfigurationPlatforms) = postSolution
		{9EB6B688-01B6-4FDC-959B-73A924A1BC00}.Debug|Any CPU.ActiveCfg = Debug|Any CPU
		{9EB6B688-01B6-4FDC-959B-73A924A1BC00}.Debug|Any CPU.Build.0 = Debug|Any CPU
		{9EB6B688-01B6-4FDC-959B-73A924A1BC00}.Release|Any CPU.ActiveCfg = Release|Any CPU
		{9EB6B688-01B6-4FDC-959B-73A924A1BC00}.Release|Any CPU.Build.0 = Release|Any CPU
	EndGlobalSection
	GlobalSection(SolutionProperties) = preSolution
		HideSolutionNode = FALSE
	EndGlobalSection
	GlobalSection(ExtensibilityGlobals) = postSolution
		SolutionGuid = {DC1ADF9D-9E2A-4276-9DD0-3CB76C914880}
	EndGlobalSection
EndGlobal
